{
  "name": "history-observer",
  "version": "0.0.1",
  "lockfileVersion": 1,
  "requires": true,
  "dependencies": {
    "@types/lodash": {
      "version": "4.14.149",
      "resolved": "https://registry.npmjs.org/@types/lodash/-/lodash-4.14.149.tgz",
      "integrity": "sha512-ijGqzZt/b7BfzcK9vTrS6MFljQRPn5BFWOx8oE0GYxribu6uV+aA9zZuXI1zc/etK9E8nrgdoF2+LgUw7+9tJQ==",
      "dev": true
    },
    "@types/node": {
      "version": "12.12.16",
      "resolved": "https://registry.npmjs.org/@types/node/-/node-12.12.16.tgz",
      "integrity": "sha512-vRuMyoOr5yfNf8QWxXegOjeyjpWJxFePzHzmBOIzDIzo+rSqF94RW0PkS6y4T2+VjAWLXHWrfbIJY3E3aS7lUw==",
      "dev": true
    },
    "@types/uuid": {
      "version": "3.4.6",
      "resolved": "https://registry.npmjs.org/@types/uuid/-/uuid-3.4.6.tgz",
      "integrity": "sha512-cCdlC/1kGEZdEglzOieLDYBxHsvEOIg7kp/2FYyVR9Pxakq+Qf/inL3RKQ+PA8gOlI/NnL+fXmQH12nwcGzsHw==",
      "dev": true,
      "requires": {
        "@types/node": "*"
      }
    },
    "lodash": {
      "version": "4.17.15",
      "resolved": "https://registry.npmjs.org/lodash/-/lodash-4.17.15.tgz",
      "integrity": "sha512-8xOcRHvCjnocdS5cpwXQXVzmmh5e5+saE2QGoeQmbKmRS6J3VQppPOIt0MnmE+4xlZoumy0GPG0D0MVIQbNA1A=="
    },
    "typescript": {
      "version": "3.7.3",
      "resolved": "https://registry.npmjs.org/typescript/-/typescript-3.7.3.tgz",
      "integrity": "sha512-Mcr/Qk7hXqFBXMN7p7Lusj1ktCBydylfQM/FZCk5glCNQJrCUKPkMHdo9R0MTFWsC/4kPFvDS0fDPvukfCkFsw==",
      "dev": true
    },
    "uuid": {
      "version": "3.3.3",
      "resolved": "https://registry.npmjs.org/uuid/-/uuid-3.3.3.tgz",
      "integrity": "sha512-pW0No1RGHgzlpHJO1nsVrHKpOEIxkGg1xB+v0ZmdNH5OAeAwzAVrCnI2/6Mtx+Uys6iaylxa+D3g4j63IKKjSQ=="
    }
  }
}
